
Microsoft Visual Studio Solution File, Format Version 12.00
# Visual Studio 14
VisualStudioVersion = 14.0.25420.1
MinimumVisualStudioVersion = 10.0.40219.1
Project("{FAE04EC0-301F-11D3-BF4B-00C04F79EFBC}") = "Quartett.Web", "Quartett.Web\Quartett.Web.csproj", "{611E3D8B-B94E-4115-B92E-77A1C8AE248B}"
EndProject
Project("{A07B5EB6-E848-4116-A8D0-A826331D98C6}") = "Quartett", "Quartett\Quartett.sfproj", "{E29AF5EE-A9AA-4732-B858-C9A8A97884ED}"
EndProject
Project("{FAE04EC0-301F-11D3-BF4B-00C04F79EFBC}") = "Quartett.WebApi", "Quartett.WebApi\Quartett.WebApi.csproj", "{7E2EF261-DC54-4EDE-9EF5-B9C3EE82D2C6}"
EndProject
Global
	GlobalSection(SolutionConfigurationPlatforms) = preSolution
		Debug|Any CPU = Debug|Any CPU
		Debug|x64 = Debug|x64
		Release|Any CPU = Release|Any CPU
		Release|x64 = Release|x64
	EndGlobalSection
	GlobalSection(ProjectConfigurationPlatforms) = postSolution
		{611E3D8B-B94E-4115-B92E-77A1C8AE248B}.Debug|Any CPU.ActiveCfg = Debug|Any CPU
		{611E3D8B-B94E-4115-B92E-77A1C8AE248B}.Debug|x64.ActiveCfg = Debug|Any CPU
		{611E3D8B-B94E-4115-B92E-77A1C8AE248B}.Release|Any CPU.ActiveCfg = Release|Any CPU
		{611E3D8B-B94E-4115-B92E-77A1C8AE248B}.Release|Any CPU.Build.0 = Release|Any CPU
		{611E3D8B-B94E-4115-B92E-77A1C8AE248B}.Release|x64.ActiveCfg = Release|Any CPU
		{611E3D8B-B94E-4115-B92E-77A1C8AE248B}.Release|x64.Build.0 = Release|Any CPU
		{E29AF5EE-A9AA-4732-B858-C9A8A97884ED}.Debug|Any CPU.ActiveCfg = Debug|x64
		{E29AF5EE-A9AA-4732-B858-C9A8A97884ED}.Debug|x64.ActiveCfg = Debug|x64
		{E29AF5EE-A9AA-4732-B858-C9A8A97884ED}.Debug|x64.Build.0 = Debug|x64
		{E29AF5EE-A9AA-4732-B858-C9A8A97884ED}.Debug|x64.Deploy.0 = Debug|x64
		{E29AF5EE-A9AA-4732-B858-C9A8A97884ED}.Release|Any CPU.ActiveCfg = Release|x64
		{E29AF5EE-A9AA-4732-B858-C9A8A97884ED}.Release|x64.ActiveCfg = Release|x64
		{E29AF5EE-A9AA-4732-B858-C9A8A97884ED}.Release|x64.Build.0 = Release|x64
		{E29AF5EE-A9AA-4732-B858-C9A8A97884ED}.Release|x64.Deploy.0 = Release|x64
		{7E2EF261-DC54-4EDE-9EF5-B9C3EE82D2C6}.Debug|Any CPU.ActiveCfg = Debug|x64
		{7E2EF261-DC54-4EDE-9EF5-B9C3EE82D2C6}.Debug|x64.ActiveCfg = Debug|x64
		{7E2EF261-DC54-4EDE-9EF5-B9C3EE82D2C6}.Debug|x64.Build.0 = Debug|x64
		{7E2EF261-DC54-4EDE-9EF5-B9C3EE82D2C6}.Release|Any CPU.ActiveCfg = Release|x64
		{7E2EF261-DC54-4EDE-9EF5-B9C3EE82D2C6}.Release|x64.ActiveCfg = Release|x64
		{7E2EF261-DC54-4EDE-9EF5-B9C3EE82D2C6}.Release|x64.Build.0 = Release|x64
	EndGlobalSection
	GlobalSection(SolutionProperties) = preSolution
		HideSolutionNode = FALSE
	EndGlobalSection
EndGlobal
